
Microsoft Visual Studio Solution File, Format Version 12.00
# Visual Studio Version 17
VisualStudioVersion = 17.5.33502.453
MinimumVisualStudioVersion = 10.0.40219.1
Project("{9A19103F-16F7-4668-BE54-9A1E7A4F7556}") = "BooksSharing", "BooksSharing\BooksSharing.csproj", "{6CC4878F-6140-426B-AF13-88B09D33DAD3}"
EndProject
Project("{FAE04EC0-301F-11D3-BF4B-00C04F79EFBC}") = "BooksSharing.Domain", "BooksSharing.Domain\BooksSharing.Domain.csproj", "{950F26A6-4F5C-4636-949F-523AEF2221E8}"
EndProject
Project("{FAE04EC0-301F-11D3-BF4B-00C04F79EFBC}") = "BooksSharing.DataAccess", "BooksSharing.DataAccess\BooksSharing.DataAccess.csproj", "{F9205E20-6A8D-46D3-B74D-03CC13968010}"
EndProject
Project("{FAE04EC0-301F-11D3-BF4B-00C04F79EFBC}") = "BooksSharing.Application", "BooksSharing.Application\BooksSharing.Application.csproj", "{F56061F7-734F-4220-B2D8-75BCE759D4FA}"
EndProject
Project("{FAE04EC0-301F-11D3-BF4B-00C04F79EFBC}") = "BooksSharing.Tests", "BooksSharing.Tests\BooksSharing.Tests.csproj", "{16069235-151E-4A3A-A1A6-24FDE8B894B0}"
EndProject
Global
	GlobalSection(SolutionConfigurationPlatforms) = preSolution
		Debug|Any CPU = Debug|Any CPU
		Release|Any CPU = Release|Any CPU
	EndGlobalSection
	GlobalSection(ProjectConfigurationPlatforms) = postSolution
		{6CC4878F-6140-426B-AF13-88B09D33DAD3}.Debug|Any CPU.ActiveCfg = Debug|Any CPU
		{6CC4878F-6140-426B-AF13-88B09D33DAD3}.Debug|Any CPU.Build.0 = Debug|Any CPU
		{6CC4878F-6140-426B-AF13-88B09D33DAD3}.Release|Any CPU.ActiveCfg = Release|Any CPU
		{6CC4878F-6140-426B-AF13-88B09D33DAD3}.Release|Any CPU.Build.0 = Release|Any CPU
		{950F26A6-4F5C-4636-949F-523AEF2221E8}.Debug|Any CPU.ActiveCfg = Debug|Any CPU
		{950F26A6-4F5C-4636-949F-523AEF2221E8}.Debug|Any CPU.Build.0 = Debug|Any CPU
		{950F26A6-4F5C-4636-949F-523AEF2221E8}.Release|Any CPU.ActiveCfg = Release|Any CPU
		{950F26A6-4F5C-4636-949F-523AEF2221E8}.Release|Any CPU.Build.0 = Release|Any CPU
		{F9205E20-6A8D-46D3-B74D-03CC13968010}.Debug|Any CPU.ActiveCfg = Debug|Any CPU
		{F9205E20-6A8D-46D3-B74D-03CC13968010}.Debug|Any CPU.Build.0 = Debug|Any CPU
		{F9205E20-6A8D-46D3-B74D-03CC13968010}.Release|Any CPU.ActiveCfg = Release|Any CPU
		{F9205E20-6A8D-46D3-B74D-03CC13968010}.Release|Any CPU.Build.0 = Release|Any CPU
		{F56061F7-734F-4220-B2D8-75BCE759D4FA}.Debug|Any CPU.ActiveCfg = Debug|Any CPU
		{F56061F7-734F-4220-B2D8-75BCE759D4FA}.Debug|Any CPU.Build.0 = Debug|Any CPU
		{F56061F7-734F-4220-B2D8-75BCE759D4FA}.Release|Any CPU.ActiveCfg = Release|Any CPU
		{F56061F7-734F-4220-B2D8-75BCE759D4FA}.Release|Any CPU.Build.0 = Release|Any CPU
		{16069235-151E-4A3A-A1A6-24FDE8B894B0}.Debug|Any CPU.ActiveCfg = Debug|Any CPU
		{16069235-151E-4A3A-A1A6-24FDE8B894B0}.Debug|Any CPU.Build.0 = Debug|Any CPU
		{16069235-151E-4A3A-A1A6-24FDE8B894B0}.Release|Any CPU.ActiveCfg = Release|Any CPU
		{16069235-151E-4A3A-A1A6-24FDE8B894B0}.Release|Any CPU.Build.0 = Release|Any CPU
	EndGlobalSection
	GlobalSection(SolutionProperties) = preSolution
		HideSolutionNode = FALSE
	EndGlobalSection
	GlobalSection(ExtensibilityGlobals) = postSolution
		SolutionGuid = {77A5F277-7991-445E-9911-368A626C0E2B}
	EndGlobalSection
EndGlobal
